
Microsoft Visual Studio Solution File, Format Version 12.00
# Visual Studio Version 16
VisualStudioVersion = 16.0.30225.117
MinimumVisualStudioVersion = 10.0.40219.1
Project("{FAE04EC0-301F-11D3-BF4B-00C04F79EFBC}") = "Part1_Introduction", "Part1_Introduction.csproj", "{2D37367B-8F13-47E8-8CA1-B7DBA6D94EAF}"
EndProject
Global
	GlobalSection(SolutionConfigurationPlatforms) = preSolution
		Debug|Any CPU = Debug|Any CPU
		Release|Any CPU = Release|Any CPU
	EndGlobalSection
	GlobalSection(ProjectConfigurationPlatforms) = postSolution
		{2D37367B-8F13-47E8-8CA1-B7DBA6D94EAF}.Debug|Any CPU.ActiveCfg = Debug|Any CPU
		{2D37367B-8F13-47E8-8CA1-B7DBA6D94EAF}.Debug|Any CPU.Build.0 = Debug|Any CPU
		{2D37367B-8F13-47E8-8CA1-B7DBA6D94EAF}.Release|Any CPU.ActiveCfg = Release|Any CPU
		{2D37367B-8F13-47E8-8CA1-B7DBA6D94EAF}.Release|Any CPU.Build.0 = Release|Any CPU
	EndGlobalSection
	GlobalSection(SolutionProperties) = preSolution
		HideSolutionNode = FALSE
	EndGlobalSection
	GlobalSection(ExtensibilityGlobals) = postSolution
		SolutionGuid = {4094BBAC-040F-4F60-AB99-8D1C7BD2DB45}
	EndGlobalSection
EndGlobal
